# This file was autogenerated by Stack.
# You should not edit this file by hand.
# For more information, please see the documentation at:
#   https://docs.haskellstack.org/en/stable/lock_files

packages:
- completed:
    hackage: yapb-0.1.3@sha256:1419b4b382c15d8b0b0003647d367ba5de1bc2ba17f4877aeec250155214ec94,3193
    pantry-tree:
      size: 2382
      sha256: 4a82db115809444b79bd4b405dc0be4036afe5116340193c8a8172de28d0ce76
  original:
    hackage: yapb-0.1.3@sha256:1419b4b382c15d8b0b0003647d367ba5de1bc2ba17f4877aeec250155214ec94,3193
snapshots:
- completed:
    size: 585393
    url: https://raw.githubusercontent.com/commercialhaskell/stackage-snapshots/master/lts/18/0.yaml
    sha256: c632012da648385b9fa3c29f4e0afd56ead299f1c5528ee789058be410e883c0
  original: lts-18.0
