# This file was autogenerated by Stack.
# You should not edit this file by hand.
# For more information, please see the documentation at:
#   https://docs.haskellstack.org/en/stable/lock_files

packages:
- completed:
    hackage: yapb-0.2.6@sha256:335789dad8a833b8ec124bfcea100cf5f08d5dc2b5eead4b199abb00ccd21aa2,4795
    pantry-tree:
      size: 4100
      sha256: 5eb4ce8a994061d44e45f5293b68e16d05a3674decf7d5ac93af185f4b5e52c8
  original:
    hackage: yapb-0.2.6
snapshots:
- completed:
    size: 585393
    url: https://raw.githubusercontent.com/commercialhaskell/stackage-snapshots/master/lts/18/0.yaml
    sha256: c632012da648385b9fa3c29f4e0afd56ead299f1c5528ee789058be410e883c0
  original: lts-18.0
