# This file was autogenerated by Stack.
# You should not edit this file by hand.
# For more information, please see the documentation at:
#   https://docs.haskellstack.org/en/stable/lock_files

packages:
- completed:
    hackage: yapb-0.1.3.1@sha256:6598dd944dc284e33cddda87e265518b734b1c981ebe0a92f2831e2e1b4b9460,3195
    pantry-tree:
      size: 2382
      sha256: 45be45f0941d3eac05dab687f3929609c647dd71c66d009edf0e37d08ecfcdeb
  original:
    hackage: yapb-0.1.3.1
snapshots:
- completed:
    size: 585393
    url: https://raw.githubusercontent.com/commercialhaskell/stackage-snapshots/master/lts/18/0.yaml
    sha256: c632012da648385b9fa3c29f4e0afd56ead299f1c5528ee789058be410e883c0
  original: lts-18.0
